
Microsoft Visual Studio Solution File, Format Version 12.00
# Visual Studio 15
Project("{FAE04EC0-301F-11D3-BF4B-00C04F79EFBC}") = "Unity.PackageManagerUI.DevelopRuntime.Tests", "Unity.PackageManagerUI.DevelopRuntime.Tests.csproj", "{D244A52E-63AE-D7A3-CFFF-4FE201C4CADA}"
EndProject
Project("{FAE04EC0-301F-11D3-BF4B-00C04F79EFBC}") = "Zitga.Packagetest.Tests", "Zitga.Packagetest.Tests.csproj", "{DD141FF0-FF69-C0E6-19AC-AD2EA25460E4}"
EndProject
Project("{FAE04EC0-301F-11D3-BF4B-00C04F79EFBC}") = "Zitga.Packa.Tests", "Zitga.Packa.Tests.csproj", "{7395CFD9-969A-D5BE-C9DE-10DE00E106CE}"
EndProject
Project("{FAE04EC0-301F-11D3-BF4B-00C04F79EFBC}") = "Zitga.Packa", "Zitga.Packa.csproj", "{CD8C1B8D-33B9-185A-E050-E6BF6EA2405A}"
EndProject
Project("{FAE04EC0-301F-11D3-BF4B-00C04F79EFBC}") = "Zitga.Packb", "Zitga.Packb.csproj", "{4D4FA09A-0A8B-D495-5DF4-BBE585F2C3AA}"
EndProject
Project("{FAE04EC0-301F-11D3-BF4B-00C04F79EFBC}") = "Zitga.Packb.Tests", "Zitga.Packb.Tests.csproj", "{54B64B77-2B6B-F169-34FD-7487F4AA1E65}"
EndProject
Project("{FAE04EC0-301F-11D3-BF4B-00C04F79EFBC}") = "Zitga.Packc", "Zitga.Packc.csproj", "{112FCBBE-477F-0212-8D0C-AE67E27AA66C}"
EndProject
Project("{FAE04EC0-301F-11D3-BF4B-00C04F79EFBC}") = "Zitga.Packc.Tests", "Zitga.Packc.Tests.csproj", "{478FCF10-AFE1-A45D-1059-D41A3087BD56}"
EndProject
Project("{FAE04EC0-301F-11D3-BF4B-00C04F79EFBC}") = "Unity.PackageManagerUI.Develop.Editor", "Unity.PackageManagerUI.Develop.Editor.csproj", "{49BCDCFB-A585-6630-796A-6C119EC5EB13}"
EndProject
Project("{FAE04EC0-301F-11D3-BF4B-00C04F79EFBC}") = "Unity.PackageManagerUI.Develop.EditorTests", "Unity.PackageManagerUI.Develop.EditorTests.csproj", "{B2D2B20A-D61B-9298-9001-2D205B52BA5B}"
EndProject
Project("{FAE04EC0-301F-11D3-BF4B-00C04F79EFBC}") = "Zitga.Packagetest.Editor", "Zitga.Packagetest.Editor.csproj", "{65BC60C4-85B7-88A5-4457-D50A1DF18453}"
EndProject
Project("{FAE04EC0-301F-11D3-BF4B-00C04F79EFBC}") = "Zitga.Packagetest", "Zitga.Packagetest.csproj", "{DF104DAB-1775-5F8C-47AD-30CB228C709D}"
EndProject
Project("{FAE04EC0-301F-11D3-BF4B-00C04F79EFBC}") = "Zitga.Packagetest.Editor.Tests", "Zitga.Packagetest.Editor.Tests.csproj", "{DEF89A67-A347-4408-2919-D81D2F250C70}"
EndProject
Project("{FAE04EC0-301F-11D3-BF4B-00C04F79EFBC}") = "Zitga.Packa.Editor.Tests", "Zitga.Packa.Editor.Tests.csproj", "{5FA4A60B-8D6B-C6AE-FC73-BFD63EC845E8}"
EndProject
Project("{FAE04EC0-301F-11D3-BF4B-00C04F79EFBC}") = "Zitga.Packa.Editor", "Zitga.Packa.Editor.csproj", "{3863B2EA-2F3E-C813-2038-2047E1FFE22E}"
EndProject
Project("{FAE04EC0-301F-11D3-BF4B-00C04F79EFBC}") = "Zitga.Packb.Editor.Tests", "Zitga.Packb.Editor.Tests.csproj", "{3C6EF449-0C12-3BDE-9478-2638EFBB5FCB}"
EndProject
Project("{FAE04EC0-301F-11D3-BF4B-00C04F79EFBC}") = "Zitga.Packb.Editor", "Zitga.Packb.Editor.csproj", "{33CC5CDA-BDCD-9759-D01E-43DD55A12B89}"
EndProject
Project("{FAE04EC0-301F-11D3-BF4B-00C04F79EFBC}") = "Zitga.Packc.Editor", "Zitga.Packc.Editor.csproj", "{B7DAD0B8-CFB8-2201-05AE-CED3D3C23D12}"
EndProject
Project("{FAE04EC0-301F-11D3-BF4B-00C04F79EFBC}") = "Zitga.Packc.Editor.Tests", "Zitga.Packc.Editor.Tests.csproj", "{AC9DC091-6F39-E3E8-AC00-0C7143C495AD}"
EndProject
Global
	GlobalSection(SolutionConfigurationPlatforms) = preSolution
		Debug|Any CPU = Debug|Any CPU
		Release|Any CPU = Release|Any CPU
	EndGlobalSection
	GlobalSection(ProjectConfigurationPlatforms) = postSolution
		{D244A52E-63AE-D7A3-CFFF-4FE201C4CADA}.Debug|Any CPU.ActiveCfg = Debug|Any CPU
		{D244A52E-63AE-D7A3-CFFF-4FE201C4CADA}.Debug|Any CPU.Build.0 = Debug|Any CPU
		{D244A52E-63AE-D7A3-CFFF-4FE201C4CADA}.Release|Any CPU.ActiveCfg = Release|Any CPU
		{D244A52E-63AE-D7A3-CFFF-4FE201C4CADA}.Release|Any CPU.Build.0 = Release|Any CPU
		{DD141FF0-FF69-C0E6-19AC-AD2EA25460E4}.Debug|Any CPU.ActiveCfg = Debug|Any CPU
		{DD141FF0-FF69-C0E6-19AC-AD2EA25460E4}.Debug|Any CPU.Build.0 = Debug|Any CPU
		{DD141FF0-FF69-C0E6-19AC-AD2EA25460E4}.Release|Any CPU.ActiveCfg = Release|Any CPU
		{DD141FF0-FF69-C0E6-19AC-AD2EA25460E4}.Release|Any CPU.Build.0 = Release|Any CPU
		{7395CFD9-969A-D5BE-C9DE-10DE00E106CE}.Debug|Any CPU.ActiveCfg = Debug|Any CPU
		{7395CFD9-969A-D5BE-C9DE-10DE00E106CE}.Debug|Any CPU.Build.0 = Debug|Any CPU
		{7395CFD9-969A-D5BE-C9DE-10DE00E106CE}.Release|Any CPU.ActiveCfg = Release|Any CPU
		{7395CFD9-969A-D5BE-C9DE-10DE00E106CE}.Release|Any CPU.Build.0 = Release|Any CPU
		{CD8C1B8D-33B9-185A-E050-E6BF6EA2405A}.Debug|Any CPU.ActiveCfg = Debug|Any CPU
		{CD8C1B8D-33B9-185A-E050-E6BF6EA2405A}.Debug|Any CPU.Build.0 = Debug|Any CPU
		{CD8C1B8D-33B9-185A-E050-E6BF6EA2405A}.Release|Any CPU.ActiveCfg = Release|Any CPU
		{CD8C1B8D-33B9-185A-E050-E6BF6EA2405A}.Release|Any CPU.Build.0 = Release|Any CPU
		{4D4FA09A-0A8B-D495-5DF4-BBE585F2C3AA}.Debug|Any CPU.ActiveCfg = Debug|Any CPU
		{4D4FA09A-0A8B-D495-5DF4-BBE585F2C3AA}.Debug|Any CPU.Build.0 = Debug|Any CPU
		{4D4FA09A-0A8B-D495-5DF4-BBE585F2C3AA}.Release|Any CPU.ActiveCfg = Release|Any CPU
		{4D4FA09A-0A8B-D495-5DF4-BBE585F2C3AA}.Release|Any CPU.Build.0 = Release|Any CPU
		{54B64B77-2B6B-F169-34FD-7487F4AA1E65}.Debug|Any CPU.ActiveCfg = Debug|Any CPU
		{54B64B77-2B6B-F169-34FD-7487F4AA1E65}.Debug|Any CPU.Build.0 = Debug|Any CPU
		{54B64B77-2B6B-F169-34FD-7487F4AA1E65}.Release|Any CPU.ActiveCfg = Release|Any CPU
		{54B64B77-2B6B-F169-34FD-7487F4AA1E65}.Release|Any CPU.Build.0 = Release|Any CPU
		{112FCBBE-477F-0212-8D0C-AE67E27AA66C}.Debug|Any CPU.ActiveCfg = Debug|Any CPU
		{112FCBBE-477F-0212-8D0C-AE67E27AA66C}.Debug|Any CPU.Build.0 = Debug|Any CPU
		{112FCBBE-477F-0212-8D0C-AE67E27AA66C}.Release|Any CPU.ActiveCfg = Release|Any CPU
		{112FCBBE-477F-0212-8D0C-AE67E27AA66C}.Release|Any CPU.Build.0 = Release|Any CPU
		{478FCF10-AFE1-A45D-1059-D41A3087BD56}.Debug|Any CPU.ActiveCfg = Debug|Any CPU
		{478FCF10-AFE1-A45D-1059-D41A3087BD56}.Debug|Any CPU.Build.0 = Debug|Any CPU
		{478FCF10-AFE1-A45D-1059-D41A3087BD56}.Release|Any CPU.ActiveCfg = Release|Any CPU
		{478FCF10-AFE1-A45D-1059-D41A3087BD56}.Release|Any CPU.Build.0 = Release|Any CPU
		{49BCDCFB-A585-6630-796A-6C119EC5EB13}.Debug|Any CPU.ActiveCfg = Debug|Any CPU
		{49BCDCFB-A585-6630-796A-6C119EC5EB13}.Debug|Any CPU.Build.0 = Debug|Any CPU
		{49BCDCFB-A585-6630-796A-6C119EC5EB13}.Release|Any CPU.ActiveCfg = Release|Any CPU
		{49BCDCFB-A585-6630-796A-6C119EC5EB13}.Release|Any CPU.Build.0 = Release|Any CPU
		{B2D2B20A-D61B-9298-9001-2D205B52BA5B}.Debug|Any CPU.ActiveCfg = Debug|Any CPU
		{B2D2B20A-D61B-9298-9001-2D205B52BA5B}.Debug|Any CPU.Build.0 = Debug|Any CPU
		{B2D2B20A-D61B-9298-9001-2D205B52BA5B}.Release|Any CPU.ActiveCfg = Release|Any CPU
		{B2D2B20A-D61B-9298-9001-2D205B52BA5B}.Release|Any CPU.Build.0 = Release|Any CPU
		{65BC60C4-85B7-88A5-4457-D50A1DF18453}.Debug|Any CPU.ActiveCfg = Debug|Any CPU
		{65BC60C4-85B7-88A5-4457-D50A1DF18453}.Debug|Any CPU.Build.0 = Debug|Any CPU
		{65BC60C4-85B7-88A5-4457-D50A1DF18453}.Release|Any CPU.ActiveCfg = Release|Any CPU
		{65BC60C4-85B7-88A5-4457-D50A1DF18453}.Release|Any CPU.Build.0 = Release|Any CPU
		{DF104DAB-1775-5F8C-47AD-30CB228C709D}.Debug|Any CPU.ActiveCfg = Debug|Any CPU
		{DF104DAB-1775-5F8C-47AD-30CB228C709D}.Debug|Any CPU.Build.0 = Debug|Any CPU
		{DF104DAB-1775-5F8C-47AD-30CB228C709D}.Release|Any CPU.ActiveCfg = Release|Any CPU
		{DF104DAB-1775-5F8C-47AD-30CB228C709D}.Release|Any CPU.Build.0 = Release|Any CPU
		{DEF89A67-A347-4408-2919-D81D2F250C70}.Debug|Any CPU.ActiveCfg = Debug|Any CPU
		{DEF89A67-A347-4408-2919-D81D2F250C70}.Debug|Any CPU.Build.0 = Debug|Any CPU
		{DEF89A67-A347-4408-2919-D81D2F250C70}.Release|Any CPU.ActiveCfg = Release|Any CPU
		{DEF89A67-A347-4408-2919-D81D2F250C70}.Release|Any CPU.Build.0 = Release|Any CPU
		{5FA4A60B-8D6B-C6AE-FC73-BFD63EC845E8}.Debug|Any CPU.ActiveCfg = Debug|Any CPU
		{5FA4A60B-8D6B-C6AE-FC73-BFD63EC845E8}.Debug|Any CPU.Build.0 = Debug|Any CPU
		{5FA4A60B-8D6B-C6AE-FC73-BFD63EC845E8}.Release|Any CPU.ActiveCfg = Release|Any CPU
		{5FA4A60B-8D6B-C6AE-FC73-BFD63EC845E8}.Release|Any CPU.Build.0 = Release|Any CPU
		{3863B2EA-2F3E-C813-2038-2047E1FFE22E}.Debug|Any CPU.ActiveCfg = Debug|Any CPU
		{3863B2EA-2F3E-C813-2038-2047E1FFE22E}.Debug|Any CPU.Build.0 = Debug|Any CPU
		{3863B2EA-2F3E-C813-2038-2047E1FFE22E}.Release|Any CPU.ActiveCfg = Release|Any CPU
		{3863B2EA-2F3E-C813-2038-2047E1FFE22E}.Release|Any CPU.Build.0 = Release|Any CPU
		{3C6EF449-0C12-3BDE-9478-2638EFBB5FCB}.Debug|Any CPU.ActiveCfg = Debug|Any CPU
		{3C6EF449-0C12-3BDE-9478-2638EFBB5FCB}.Debug|Any CPU.Build.0 = Debug|Any CPU
		{3C6EF449-0C12-3BDE-9478-2638EFBB5FCB}.Release|Any CPU.ActiveCfg = Release|Any CPU
		{3C6EF449-0C12-3BDE-9478-2638EFBB5FCB}.Release|Any CPU.Build.0 = Release|Any CPU
		{33CC5CDA-BDCD-9759-D01E-43DD55A12B89}.Debug|Any CPU.ActiveCfg = Debug|Any CPU
		{33CC5CDA-BDCD-9759-D01E-43DD55A12B89}.Debug|Any CPU.Build.0 = Debug|Any CPU
		{33CC5CDA-BDCD-9759-D01E-43DD55A12B89}.Release|Any CPU.ActiveCfg = Release|Any CPU
		{33CC5CDA-BDCD-9759-D01E-43DD55A12B89}.Release|Any CPU.Build.0 = Release|Any CPU
		{B7DAD0B8-CFB8-2201-05AE-CED3D3C23D12}.Debug|Any CPU.ActiveCfg = Debug|Any CPU
		{B7DAD0B8-CFB8-2201-05AE-CED3D3C23D12}.Debug|Any CPU.Build.0 = Debug|Any CPU
		{B7DAD0B8-CFB8-2201-05AE-CED3D3C23D12}.Release|Any CPU.ActiveCfg = Release|Any CPU
		{B7DAD0B8-CFB8-2201-05AE-CED3D3C23D12}.Release|Any CPU.Build.0 = Release|Any CPU
		{AC9DC091-6F39-E3E8-AC00-0C7143C495AD}.Debug|Any CPU.ActiveCfg = Debug|Any CPU
		{AC9DC091-6F39-E3E8-AC00-0C7143C495AD}.Debug|Any CPU.Build.0 = Debug|Any CPU
		{AC9DC091-6F39-E3E8-AC00-0C7143C495AD}.Release|Any CPU.ActiveCfg = Release|Any CPU
		{AC9DC091-6F39-E3E8-AC00-0C7143C495AD}.Release|Any CPU.Build.0 = Release|Any CPU
	EndGlobalSection
	GlobalSection(SolutionProperties) = preSolution
		HideSolutionNode = FALSE
	EndGlobalSection
EndGlobal
