
Microsoft Visual Studio Solution File, Format Version 12.00
# Visual Studio 15
Project("{FAE04EC0-301F-11D3-BF4B-00C04F79EFBC}") = "Zitga.Packagetest", "Zitga.Packagetest.csproj", "{DF104DAB-1775-5F8C-47AD-30CB228C709D}"
EndProject
Project("{FAE04EC0-301F-11D3-BF4B-00C04F79EFBC}") = "Zitga.Packagetest.Tests", "Zitga.Packagetest.Tests.csproj", "{DD141FF0-FF69-C0E6-19AC-AD2EA25460E4}"
EndProject
Project("{FAE04EC0-301F-11D3-BF4B-00C04F79EFBC}") = "Assembly-CSharp-Editor", "Assembly-CSharp-Editor.csproj", "{7A4280DB-7430-87A1-DFBD-ACCE4EAFCEF6}"
EndProject
Project("{FAE04EC0-301F-11D3-BF4B-00C04F79EFBC}") = "Zitga.Packagetest.Editor", "Zitga.Packagetest.Editor.csproj", "{65BC60C4-85B7-88A5-4457-D50A1DF18453}"
EndProject
Project("{FAE04EC0-301F-11D3-BF4B-00C04F79EFBC}") = "Zitga.Packagetest.Editor.Tests", "Zitga.Packagetest.Editor.Tests.csproj", "{DEF89A67-A347-4408-2919-D81D2F250C70}"
EndProject
Global
	GlobalSection(SolutionConfigurationPlatforms) = preSolution
		Debug|Any CPU = Debug|Any CPU
		Release|Any CPU = Release|Any CPU
	EndGlobalSection
	GlobalSection(ProjectConfigurationPlatforms) = postSolution
		{DF104DAB-1775-5F8C-47AD-30CB228C709D}.Debug|Any CPU.ActiveCfg = Debug|Any CPU
		{DF104DAB-1775-5F8C-47AD-30CB228C709D}.Debug|Any CPU.Build.0 = Debug|Any CPU
		{DF104DAB-1775-5F8C-47AD-30CB228C709D}.Release|Any CPU.ActiveCfg = Release|Any CPU
		{DF104DAB-1775-5F8C-47AD-30CB228C709D}.Release|Any CPU.Build.0 = Release|Any CPU
		{DD141FF0-FF69-C0E6-19AC-AD2EA25460E4}.Debug|Any CPU.ActiveCfg = Debug|Any CPU
		{DD141FF0-FF69-C0E6-19AC-AD2EA25460E4}.Debug|Any CPU.Build.0 = Debug|Any CPU
		{DD141FF0-FF69-C0E6-19AC-AD2EA25460E4}.Release|Any CPU.ActiveCfg = Release|Any CPU
		{DD141FF0-FF69-C0E6-19AC-AD2EA25460E4}.Release|Any CPU.Build.0 = Release|Any CPU
		{7A4280DB-7430-87A1-DFBD-ACCE4EAFCEF6}.Debug|Any CPU.ActiveCfg = Debug|Any CPU
		{7A4280DB-7430-87A1-DFBD-ACCE4EAFCEF6}.Debug|Any CPU.Build.0 = Debug|Any CPU
		{7A4280DB-7430-87A1-DFBD-ACCE4EAFCEF6}.Release|Any CPU.ActiveCfg = Release|Any CPU
		{7A4280DB-7430-87A1-DFBD-ACCE4EAFCEF6}.Release|Any CPU.Build.0 = Release|Any CPU
		{65BC60C4-85B7-88A5-4457-D50A1DF18453}.Debug|Any CPU.ActiveCfg = Debug|Any CPU
		{65BC60C4-85B7-88A5-4457-D50A1DF18453}.Debug|Any CPU.Build.0 = Debug|Any CPU
		{65BC60C4-85B7-88A5-4457-D50A1DF18453}.Release|Any CPU.ActiveCfg = Release|Any CPU
		{65BC60C4-85B7-88A5-4457-D50A1DF18453}.Release|Any CPU.Build.0 = Release|Any CPU
		{DEF89A67-A347-4408-2919-D81D2F250C70}.Debug|Any CPU.ActiveCfg = Debug|Any CPU
		{DEF89A67-A347-4408-2919-D81D2F250C70}.Debug|Any CPU.Build.0 = Debug|Any CPU
		{DEF89A67-A347-4408-2919-D81D2F250C70}.Release|Any CPU.ActiveCfg = Release|Any CPU
		{DEF89A67-A347-4408-2919-D81D2F250C70}.Release|Any CPU.Build.0 = Release|Any CPU
	EndGlobalSection
	GlobalSection(SolutionProperties) = preSolution
		HideSolutionNode = FALSE
	EndGlobalSection
EndGlobal
